// !$*UTF8*$!
{
	archiveVersion = 1;
	classes = {
	};
	objectVersion = 46;
	objects = {

/* Begin PBXBuildFile section */
		2985E4041F119ECC004B4641 /* AppDelegate.swift in Sources */ = {isa = PBXBuildFile; fileRef = 2985E4031F119ECC004B4641 /* AppDelegate.swift */; };
		2985E4061F119ECC004B4641 /* ViewController.swift in Sources */ = {isa = PBXBuildFile; fileRef = 2985E4051F119ECC004B4641 /* ViewController.swift */; };
		2985E4091F119ECC004B4641 /* Main.storyboard in Resources */ = {isa = PBXBuildFile; fileRef = 2985E4071F119ECC004B4641 /* Main.storyboard */; };
		2985E40B1F119ECC004B4641 /* Assets.xcassets in Resources */ = {isa = PBXBuildFile; fileRef = 2985E40A1F119ECC004B4641 /* Assets.xcassets */; };
		2985E40E1F119ECC004B4641 /* LaunchScreen.storyboard in Resources */ = {isa = PBXBuildFile; fileRef = 2985E40C1F119ECC004B4641 /* LaunchScreen.storyboard */; };
/* End PBXBuildFile section */

/* Begin PBXFileReference section */
		2985E4001F119ECC004B4641 /* testOnRealPhone.app */ = {isa = PBXFileReference; explicitFileType = wrapper.application; includeInIndex = 0; path = testOnRealPhone.app; sourceTree = BUILT_PRODUCTS_DIR; };
		2985E4031F119ECC004B4641 /* AppDelegate.swift */ = {isa = PBXFileReference; lastKnownFileType = sourcecode.swift; path = AppDelegate.swift; sourceTree = "<group>"; };
		2985E4051F119ECC004B4641 /* ViewController.swift */ = {isa = PBXFileReference; lastKnownFileType = sourcecode.swift; path = ViewController.swift; sourceTree = "<group>"; };
		2985E4081F119ECC004B4641 /* Base */ = {isa = PBXFileReference; lastKnownFileType = file.storyboard; name = Base; path = Base.lproj/Main.storyboard; sourceTree = "<group>"; };
		2985E40A1F119ECC004B4641 /* Assets.xcassets */ = {isa = PBXFileReference; lastKnownFileType = folder.assetcatalog; path = Assets.xcassets; sourceTree = "<group>"; };
		2985E40D1F119ECC004B4641 /* Base */ = {isa = PBXFileReference; lastKnownFileType = file.storyboard; name = Base; path = Base.lproj/LaunchScreen.storyboard; sourceTree = "<group>"; };
		2985E40F1F119ECC004B4641 /* Info.plist */ = {isa = PBXFileReference; lastKnownFileType = text.plist.xml; path = Info.plist; sourceTree = "<group>"; };
/* End PBXFileReference section */

/* Begin PBXFrameworksBuildPhase section */
		2985E3FD1F119ECC004B4641 /* Frameworks */ = {
			isa = PBXFrameworksBuildPhase;
			buildActionMask = 2147483647;
			files = (
			);
			runOnlyForDeploymentPostprocessing = 0;
		};
/* End PBXFrameworksBuildPhase section */

/* Begin PBXGroup section */
		2985E3F71F119ECC004B4641 = {
			isa = PBXGroup;
			children = (
				2985E4021F119ECC004B4641 /* testOnRealPhone */,
				2985E4011F119ECC004B4641 /* Products */,
			);
			sourceTree = "<group>";
		};
		2985E4011F119ECC004B4641 /* Products */ = {
			isa = PBXGroup;
			children = (
				2985E4001F119ECC004B4641 /* testOnRealPhone.app */,
			);
			name = Products;
			sourceTree = "<group>";
		};
		2985E4021F119ECC004B4641 /* testOnRealPhone */ = {
			isa = PBXGroup;
			children = (
				2985E4031F119ECC004B4641 /* AppDelegate.swift */,
				2985E4051F119ECC004B4641 /* ViewController.swift */,
				2985E4071F119ECC004B4641 /* Main.storyboard */,
				2985E40A1F119ECC004B4641 /* Assets.xcassets */,
				2985E40C1F119ECC004B4641 /* LaunchScreen.storyboard */,
				2985E40F1F119ECC004B4641 /* Info.plist */,
			);
			path = testOnRealPhone;
			sourceTree = "<group>";
		};
/* End PBXGroup section */

/* Begin PBXNativeTarget section */
		2985E3FF1F119ECC004B4641 /* testOnRealPhone */ = {
			isa = PBXNativeTarget;
			buildConfigurationList = 2985E4121F119ECC004B4641 /* Build configuration list for PBXNativeTarget "testOnRealPhone" */;
			buildPhases = (
				2985E3FC1F119ECC004B4641 /* Sources */,
				2985E3FD1F119ECC004B4641 /* Frameworks */,
				2985E3FE1F119ECC004B4641 /* Resources */,
			);
			buildRules = (
			);
			dependencies = (
			);
			name = testOnRealPhone;
			productName = testOnRealPhone;
			productReference = 2985E4001F119ECC004B4641 /* testOnRealPhone.app */;
			productType = "com.apple.product-type.application";
		};
/* End PBXNativeTarget section */

/* Begin PBXProject section */
		2985E3F81F119ECC004B4641 /* Project object */ = {
			isa = PBXProject;
			attributes = {
				LastSwiftUpdateCheck = 0830;
				LastUpgradeCheck = 0830;
				ORGANIZATIONNAME = knail1;
				TargetAttributes = {
					2985E3FF1F119ECC004B4641 = {
						CreatedOnToolsVersion = 8.3.3;
						DevelopmentTeam = 5KYP565WT9;
						ProvisioningStyle = Automatic;
					};
				};
			};
			buildConfigurationList = 2985E3FB1F119ECC004B4641 /* Build configuration list for PBXProject "testOnRealPhone" */;
			compatibilityVersion = "Xcode 3.2";
			developmentRegion = English;
			hasScannedForEncodings = 0;
			knownRegions = (
				en,
				Base,
			);
			mainGroup = 2985E3F71F119ECC004B4641;
			productRefGroup = 2985E4011F119ECC004B4641 /* Products */;
			projectDirPath = "";
			projectRoot = "";
			targets = (
				2985E3FF1F119ECC004B4641 /* testOnRealPhone */,
			);
		};
/* End PBXProject section */

/* Begin PBXResourcesBuildPhase section */
		2985E3FE1F119ECC004B4641 /* Resources */ = {
			isa = PBXResourcesBuildPhase;
			buildActionMask = 2147483647;
			files = (
				2985E40E1F119ECC004B4641 /* LaunchScreen.storyboard in Resources */,
				2985E40B1F119ECC004B4641 /* Assets.xcassets in Resources */,
				2985E4091F119ECC004B4641 /* Main.storyboard in Resources */,
			);
			runOnlyForDeploymentPostprocessing = 0;
		};
/* End PBXResourcesBuildPhase section */

/* Begin PBXSourcesBuildPhase section */
		2985E3FC1F119ECC004B4641 /* Sources */ = {
			isa = PBXSourcesBuildPhase;
			buildActionMask = 2147483647;
			files = (
				2985E4061F119ECC004B4641 /* ViewController.swift in Sources */,
				2985E4041F119ECC004B4641 /* AppDelegate.swift in Sources */,
			);
			runOnlyForDeploymentPostprocessing = 0;
		};
/* End PBXSourcesBuildPhase section */

/* Begin PBXVariantGroup section */
		2985E4071F119ECC004B4641 /* Main.storyboard */ = {
			isa = PBXVariantGroup;
			children = (
				2985E4081F119ECC004B4641 /* Base */,
			);
			name = Main.storyboard;
			sourceTree = "<group>";
		};
		2985E40C1F119ECC004B4641 /* LaunchScreen.storyboard */ = {
			isa = PBXVariantGroup;
			children = (
				2985E40D1F119ECC004B4641 /* Base */,
			);
			name = LaunchScreen.storyboard;
			sourceTree = "<group>";
		};
/* End PBXVariantGroup section */

/* Begin XCBuildConfiguration section */
		2985E4101F119ECC004B4641 /* Debug */ = {
			isa = XCBuildConfiguration;
			buildSettings = {
				ALWAYS_SEARCH_USER_PATHS = NO;
				CLANG_ANALYZER_NONNULL = YES;
				CLANG_ANALYZER_NUMBER_OBJECT_CONVERSION = YES_AGGRESSIVE;
				CLANG_CXX_LANGUAGE_STANDARD = "gnu++0x";
				CLANG_CXX_LIBRARY = "libc++";
				CLANG_ENABLE_MODULES = YES;
				CLANG_ENABLE_OBJC_ARC = YES;
				CLANG_WARN_BOOL_CONVERSION = YES;
				CLANG_WARN_CONSTANT_CONVERSION = YES;
				CLANG_WARN_DIRECT_OBJC_ISA_USAGE = YES_ERROR;
				CLANG_WARN_DOCUMENTATION_COMMENTS = YES;
				CLANG_WARN_EMPTY_BODY = YES;
				CLANG_WARN_ENUM_CONVERSION = YES;
				CLANG_WARN_INFINITE_RECURSION = YES;
				CLANG_WARN_INT_CONVERSION = YES;
				CLANG_WARN_OBJC_ROOT_CLASS = YES_ERROR;
				CLANG_WARN_SUSPICIOUS_MOVE = YES;
				CLANG_WARN_UNREACHABLE_CODE = YES;
				CLANG_WARN__DUPLICATE_METHOD_MATCH = YES;
				"CODE_SIGN_IDENTITY[sdk=iphoneos*]" = "iPhone Developer";
				COPY_PHASE_STRIP = NO;
				DEBUG_INFORMATION_FORMAT = dwarf;
				ENABLE_STRICT_OBJC_MSGSEND = YES;
				ENABLE_TESTABILITY = YES;
				GCC_C_LANGUAGE_STANDARD = gnu99;
				GCC_DYNAMIC_NO_PIC = NO;
				GCC_NO_COMMON_BLOCKS = YES;
				GCC_OPTIMIZATION_LEVEL = 0;
				GCC_PREPROCESSOR_DEFINITIONS = (
					"DEBUG=1",
					"$(inherited)",
				);
				GCC_WARN_64_TO_32_BIT_CONVERSION = YES;
				GCC_WARN_ABOUT_RETURN_TYPE = YES_ERROR;
				GCC_WARN_UNDECLARED_SELECTOR = YES;
				GCC_WARN_UNINITIALIZED_AUTOS = YES_AGGRESSIVE;
				GCC_WARN_UNUSED_FUNCTION = YES;
				GCC_WARN_UNUSED_VARIABLE = YES;
				IPHONEOS_DEPLOYMENT_TARGET = 10.3;
				MTL_ENABLE_DEBUG_INFO = YES;
				ONLY_ACTIVE_ARCH = YES;
				SDKROOT = iphoneos;
				SWIFT_ACTIVE_COMPILATION_CONDITIONS = DEBUG;
				SWIFT_OPTIMIZATION_LEVEL = "-Onone";
				TARGETED_DEVICE_FAMILY = "1,2";
			};
			name = Debug;
		};
		2985E4111F119ECC004B4641 /* Release */ = {
			isa = XCBuildConfiguration;
			buildSettings = {
				ALWAYS_SEARCH_USER_PATHS = NO;
				CLANG_ANALYZER_NONNULL = YES;
				CLANG_ANALYZER_NUMBER_OBJECT_CONVERSION = YES_AGGRESSIVE;
				CLANG_CXX_LANGUAGE_STANDARD = "gnu++0x";
				CLANG_CXX_LIBRARY = "libc++";
				CLANG_ENABLE_MODULES = YES;
				CLANG_ENABLE_OBJC_ARC = YES;
				CLANG_WARN_BOOL_CONVERSION = YES;
				CLANG_WARN_CONSTANT_CONVERSION = YES;
				CLANG_WARN_DIRECT_OBJC_ISA_USAGE = YES_ERROR;
				CLANG_WARN_DOCUMENTATION_COMMENTS = YES;
				CLANG_WARN_EMPTY_BODY = YES;
				CLANG_WARN_ENUM_CONVERSION = YES;
				CLANG_WARN_INFINITE_RECURSION = YES;
				CLANG_WARN_INT_CONVERSION = YES;
				CLANG_WARN_OBJC_ROOT_CLASS = YES_ERROR;
				CLANG_WARN_SUSPICIOUS_MOVE = YES;
				CLANG_WARN_UNREACHABLE_CODE = YES;
				CLANG_WARN__DUPLICATE_METHOD_MATCH = YES;
				"CODE_SIGN_IDENTITY[sdk=iphoneos*]" = "iPhone Developer";
				COPY_PHASE_STRIP = NO;
				DEBUG_INFORMATION_FORMAT = "dwarf-with-dsym";
				ENABLE_NS_ASSERTIONS = NO;
				ENABLE_STRICT_OBJC_MSGSEND = YES;
				GCC_C_LANGUAGE_STANDARD = gnu99;
				GCC_NO_COMMON_BLOCKS = YES;
				GCC_WARN_64_TO_32_BIT_CONVERSION = YES;
				GCC_WARN_ABOUT_RETURN_TYPE = YES_ERROR;
				GCC_WARN_UNDECLARED_SELECTOR = YES;
				GCC_WARN_UNINITIALIZED_AUTOS = YES_AGGRESSIVE;
				GCC_WARN_UNUSED_FUNCTION = YES;
				GCC_WARN_UNUSED_VARIABLE = YES;
				IPHONEOS_DEPLOYMENT_TARGET = 10.3;
				MTL_ENABLE_DEBUG_INFO = NO;
				SDKROOT = iphoneos;
				SWIFT_OPTIMIZATION_LEVEL = "-Owholemodule";
				TARGETED_DEVICE_FAMILY = "1,2";
				VALIDATE_PRODUCT = YES;
			};
			name = Release;
		};
		2985E4131F119ECC004B4641 /* Debug */ = {
			isa = XCBuildConfiguration;
			buildSettings = {
				ASSETCATALOG_COMPILER_APPICON_NAME = AppIcon;
				DEVELOPMENT_TEAM = 5KYP565WT9;
				INFOPLIST_FILE = testOnRealPhone/Info.plist;
				LD_RUNPATH_SEARCH_PATHS = "$(inherited) @executable_path/Frameworks";
				PRODUCT_BUNDLE_IDENTIFIER = com.knail1.testOnRealPhone;
				PRODUCT_NAME = "$(TARGET_NAME)";
				SWIFT_VERSION = 3.0;
			};
			name = Debug;
		};
		2985E4141F119ECC004B4641 /* Release */ = {
			isa = XCBuildConfiguration;
			buildSettings = {
				ASSETCATALOG_COMPILER_APPICON_NAME = AppIcon;
				DEVELOPMENT_TEAM = 5KYP565WT9;
				INFOPLIST_FILE = testOnRealPhone/Info.plist;
				LD_RUNPATH_SEARCH_PATHS = "$(inherited) @executable_path/Frameworks";
				PRODUCT_BUNDLE_IDENTIFIER = com.knail1.testOnRealPhone;
				PRODUCT_NAME = "$(TARGET_NAME)";
				SWIFT_VERSION = 3.0;
			};
			name = Release;
		};
/* End XCBuildConfiguration section */

/* Begin XCConfigurationList section */
		2985E3FB1F119ECC004B4641 /* Build configuration list for PBXProject "testOnRealPhone" */ = {
			isa = XCConfigurationList;
			buildConfigurations = (
				2985E4101F119ECC004B4641 /* Debug */,
				2985E4111F119ECC004B4641 /* Release */,
			);
			defaultConfigurationIsVisible = 0;
			defaultConfigurationName = Release;
		};
		2985E4121F119ECC004B4641 /* Build configuration list for PBXNativeTarget "testOnRealPhone" */ = {
			isa = XCConfigurationList;
			buildConfigurations = (
				2985E4131F119ECC004B4641 /* Debug */,
				2985E4141F119ECC004B4641 /* Release */,
			);
			defaultConfigurationIsVisible = 0;
		};
/* End XCConfigurationList section */
	};
	rootObject = 2985E3F81F119ECC004B4641 /* Project object */;
}
