// !$*UTF8*$!
{
	archiveVersion = 1;
	classes = {
	};
	objectVersion = 46;
	objects = {

/* Begin PBXBuildFile section */
		29BB46DD1EBE70440009223F /* AppDelegate.swift in Sources */ = {isa = PBXBuildFile; fileRef = 29BB46DC1EBE70440009223F /* AppDelegate.swift */; };
		29BB46DF1EBE70440009223F /* ViewController.swift in Sources */ = {isa = PBXBuildFile; fileRef = 29BB46DE1EBE70440009223F /* ViewController.swift */; };
		29BB46E21EBE70440009223F /* Main.storyboard in Resources */ = {isa = PBXBuildFile; fileRef = 29BB46E01EBE70440009223F /* Main.storyboard */; };
		29BB46E41EBE70440009223F /* Assets.xcassets in Resources */ = {isa = PBXBuildFile; fileRef = 29BB46E31EBE70440009223F /* Assets.xcassets */; };
		29BB46E71EBE70440009223F /* LaunchScreen.storyboard in Resources */ = {isa = PBXBuildFile; fileRef = 29BB46E51EBE70440009223F /* LaunchScreen.storyboard */; };
/* End PBXBuildFile section */

/* Begin PBXFileReference section */
		29BB46D91EBE70440009223F /* iTahDoodle.app */ = {isa = PBXFileReference; explicitFileType = wrapper.application; includeInIndex = 0; path = iTahDoodle.app; sourceTree = BUILT_PRODUCTS_DIR; };
		29BB46DC1EBE70440009223F /* AppDelegate.swift */ = {isa = PBXFileReference; lastKnownFileType = sourcecode.swift; path = AppDelegate.swift; sourceTree = "<group>"; };
		29BB46DE1EBE70440009223F /* ViewController.swift */ = {isa = PBXFileReference; lastKnownFileType = sourcecode.swift; path = ViewController.swift; sourceTree = "<group>"; };
		29BB46E11EBE70440009223F /* Base */ = {isa = PBXFileReference; lastKnownFileType = file.storyboard; name = Base; path = Base.lproj/Main.storyboard; sourceTree = "<group>"; };
		29BB46E31EBE70440009223F /* Assets.xcassets */ = {isa = PBXFileReference; lastKnownFileType = folder.assetcatalog; path = Assets.xcassets; sourceTree = "<group>"; };
		29BB46E61EBE70440009223F /* Base */ = {isa = PBXFileReference; lastKnownFileType = file.storyboard; name = Base; path = Base.lproj/LaunchScreen.storyboard; sourceTree = "<group>"; };
		29BB46E81EBE70440009223F /* Info.plist */ = {isa = PBXFileReference; lastKnownFileType = text.plist.xml; path = Info.plist; sourceTree = "<group>"; };
/* End PBXFileReference section */

/* Begin PBXFrameworksBuildPhase section */
		29BB46D61EBE70440009223F /* Frameworks */ = {
			isa = PBXFrameworksBuildPhase;
			buildActionMask = 2147483647;
			files = (
			);
			runOnlyForDeploymentPostprocessing = 0;
		};
/* End PBXFrameworksBuildPhase section */

/* Begin PBXGroup section */
		29BB46D01EBE70440009223F = {
			isa = PBXGroup;
			children = (
				29BB46DB1EBE70440009223F /* iTahDoodle */,
				29BB46DA1EBE70440009223F /* Products */,
			);
			sourceTree = "<group>";
		};
		29BB46DA1EBE70440009223F /* Products */ = {
			isa = PBXGroup;
			children = (
				29BB46D91EBE70440009223F /* iTahDoodle.app */,
			);
			name = Products;
			sourceTree = "<group>";
		};
		29BB46DB1EBE70440009223F /* iTahDoodle */ = {
			isa = PBXGroup;
			children = (
				29BB46DC1EBE70440009223F /* AppDelegate.swift */,
				29BB46DE1EBE70440009223F /* ViewController.swift */,
				29BB46E01EBE70440009223F /* Main.storyboard */,
				29BB46E31EBE70440009223F /* Assets.xcassets */,
				29BB46E51EBE70440009223F /* LaunchScreen.storyboard */,
				29BB46E81EBE70440009223F /* Info.plist */,
			);
			path = iTahDoodle;
			sourceTree = "<group>";
		};
/* End PBXGroup section */

/* Begin PBXNativeTarget section */
		29BB46D81EBE70440009223F /* iTahDoodle */ = {
			isa = PBXNativeTarget;
			buildConfigurationList = 29BB46EB1EBE70440009223F /* Build configuration list for PBXNativeTarget "iTahDoodle" */;
			buildPhases = (
				29BB46D51EBE70440009223F /* Sources */,
				29BB46D61EBE70440009223F /* Frameworks */,
				29BB46D71EBE70440009223F /* Resources */,
			);
			buildRules = (
			);
			dependencies = (
			);
			name = iTahDoodle;
			productName = iTahDoodle;
			productReference = 29BB46D91EBE70440009223F /* iTahDoodle.app */;
			productType = "com.apple.product-type.application";
		};
/* End PBXNativeTarget section */

/* Begin PBXProject section */
		29BB46D11EBE70440009223F /* Project object */ = {
			isa = PBXProject;
			attributes = {
				LastSwiftUpdateCheck = 0820;
				LastUpgradeCheck = 0820;
				ORGANIZATIONNAME = knail1;
				TargetAttributes = {
					29BB46D81EBE70440009223F = {
						CreatedOnToolsVersion = 8.2.1;
						ProvisioningStyle = Automatic;
					};
				};
			};
			buildConfigurationList = 29BB46D41EBE70440009223F /* Build configuration list for PBXProject "iTahDoodle" */;
			compatibilityVersion = "Xcode 3.2";
			developmentRegion = English;
			hasScannedForEncodings = 0;
			knownRegions = (
				en,
				Base,
			);
			mainGroup = 29BB46D01EBE70440009223F;
			productRefGroup = 29BB46DA1EBE70440009223F /* Products */;
			projectDirPath = "";
			projectRoot = "";
			targets = (
				29BB46D81EBE70440009223F /* iTahDoodle */,
			);
		};
/* End PBXProject section */

/* Begin PBXResourcesBuildPhase section */
		29BB46D71EBE70440009223F /* Resources */ = {
			isa = PBXResourcesBuildPhase;
			buildActionMask = 2147483647;
			files = (
				29BB46E71EBE70440009223F /* LaunchScreen.storyboard in Resources */,
				29BB46E41EBE70440009223F /* Assets.xcassets in Resources */,
				29BB46E21EBE70440009223F /* Main.storyboard in Resources */,
			);
			runOnlyForDeploymentPostprocessing = 0;
		};
/* End PBXResourcesBuildPhase section */

/* Begin PBXSourcesBuildPhase section */
		29BB46D51EBE70440009223F /* Sources */ = {
			isa = PBXSourcesBuildPhase;
			buildActionMask = 2147483647;
			files = (
				29BB46DF1EBE70440009223F /* ViewController.swift in Sources */,
				29BB46DD1EBE70440009223F /* AppDelegate.swift in Sources */,
			);
			runOnlyForDeploymentPostprocessing = 0;
		};
/* End PBXSourcesBuildPhase section */

/* Begin PBXVariantGroup section */
		29BB46E01EBE70440009223F /* Main.storyboard */ = {
			isa = PBXVariantGroup;
			children = (
				29BB46E11EBE70440009223F /* Base */,
			);
			name = Main.storyboard;
			sourceTree = "<group>";
		};
		29BB46E51EBE70440009223F /* LaunchScreen.storyboard */ = {
			isa = PBXVariantGroup;
			children = (
				29BB46E61EBE70440009223F /* Base */,
			);
			name = LaunchScreen.storyboard;
			sourceTree = "<group>";
		};
/* End PBXVariantGroup section */

/* Begin XCBuildConfiguration section */
		29BB46E91EBE70440009223F /* Debug */ = {
			isa = XCBuildConfiguration;
			buildSettings = {
				ALWAYS_SEARCH_USER_PATHS = NO;
				CLANG_ANALYZER_NONNULL = YES;
				CLANG_CXX_LANGUAGE_STANDARD = "gnu++0x";
				CLANG_CXX_LIBRARY = "libc++";
				CLANG_ENABLE_MODULES = YES;
				CLANG_ENABLE_OBJC_ARC = YES;
				CLANG_WARN_BOOL_CONVERSION = YES;
				CLANG_WARN_CONSTANT_CONVERSION = YES;
				CLANG_WARN_DIRECT_OBJC_ISA_USAGE = YES_ERROR;
				CLANG_WARN_DOCUMENTATION_COMMENTS = YES;
				CLANG_WARN_EMPTY_BODY = YES;
				CLANG_WARN_ENUM_CONVERSION = YES;
				CLANG_WARN_INFINITE_RECURSION = YES;
				CLANG_WARN_INT_CONVERSION = YES;
				CLANG_WARN_OBJC_ROOT_CLASS = YES_ERROR;
				CLANG_WARN_SUSPICIOUS_MOVE = YES;
				CLANG_WARN_UNREACHABLE_CODE = YES;
				CLANG_WARN__DUPLICATE_METHOD_MATCH = YES;
				"CODE_SIGN_IDENTITY[sdk=iphoneos*]" = "iPhone Developer";
				COPY_PHASE_STRIP = NO;
				DEBUG_INFORMATION_FORMAT = dwarf;
				ENABLE_STRICT_OBJC_MSGSEND = YES;
				ENABLE_TESTABILITY = YES;
				GCC_C_LANGUAGE_STANDARD = gnu99;
				GCC_DYNAMIC_NO_PIC = NO;
				GCC_NO_COMMON_BLOCKS = YES;
				GCC_OPTIMIZATION_LEVEL = 0;
				GCC_PREPROCESSOR_DEFINITIONS = (
					"DEBUG=1",
					"$(inherited)",
				);
				GCC_WARN_64_TO_32_BIT_CONVERSION = YES;
				GCC_WARN_ABOUT_RETURN_TYPE = YES_ERROR;
				GCC_WARN_UNDECLARED_SELECTOR = YES;
				GCC_WARN_UNINITIALIZED_AUTOS = YES_AGGRESSIVE;
				GCC_WARN_UNUSED_FUNCTION = YES;
				GCC_WARN_UNUSED_VARIABLE = YES;
				IPHONEOS_DEPLOYMENT_TARGET = 10.2;
				MTL_ENABLE_DEBUG_INFO = YES;
				ONLY_ACTIVE_ARCH = YES;
				SDKROOT = iphoneos;
				SWIFT_ACTIVE_COMPILATION_CONDITIONS = DEBUG;
				SWIFT_OPTIMIZATION_LEVEL = "-Onone";
				TARGETED_DEVICE_FAMILY = "1,2";
			};
			name = Debug;
		};
		29BB46EA1EBE70440009223F /* Release */ = {
			isa = XCBuildConfiguration;
			buildSettings = {
				ALWAYS_SEARCH_USER_PATHS = NO;
				CLANG_ANALYZER_NONNULL = YES;
				CLANG_CXX_LANGUAGE_STANDARD = "gnu++0x";
				CLANG_CXX_LIBRARY = "libc++";
				CLANG_ENABLE_MODULES = YES;
				CLANG_ENABLE_OBJC_ARC = YES;
				CLANG_WARN_BOOL_CONVERSION = YES;
				CLANG_WARN_CONSTANT_CONVERSION = YES;
				CLANG_WARN_DIRECT_OBJC_ISA_USAGE = YES_ERROR;
				CLANG_WARN_DOCUMENTATION_COMMENTS = YES;
				CLANG_WARN_EMPTY_BODY = YES;
				CLANG_WARN_ENUM_CONVERSION = YES;
				CLANG_WARN_INFINITE_RECURSION = YES;
				CLANG_WARN_INT_CONVERSION = YES;
				CLANG_WARN_OBJC_ROOT_CLASS = YES_ERROR;
				CLANG_WARN_SUSPICIOUS_MOVE = YES;
				CLANG_WARN_UNREACHABLE_CODE = YES;
				CLANG_WARN__DUPLICATE_METHOD_MATCH = YES;
				"CODE_SIGN_IDENTITY[sdk=iphoneos*]" = "iPhone Developer";
				COPY_PHASE_STRIP = NO;
				DEBUG_INFORMATION_FORMAT = "dwarf-with-dsym";
				ENABLE_NS_ASSERTIONS = NO;
				ENABLE_STRICT_OBJC_MSGSEND = YES;
				GCC_C_LANGUAGE_STANDARD = gnu99;
				GCC_NO_COMMON_BLOCKS = YES;
				GCC_WARN_64_TO_32_BIT_CONVERSION = YES;
				GCC_WARN_ABOUT_RETURN_TYPE = YES_ERROR;
				GCC_WARN_UNDECLARED_SELECTOR = YES;
				GCC_WARN_UNINITIALIZED_AUTOS = YES_AGGRESSIVE;
				GCC_WARN_UNUSED_FUNCTION = YES;
				GCC_WARN_UNUSED_VARIABLE = YES;
				IPHONEOS_DEPLOYMENT_TARGET = 10.2;
				MTL_ENABLE_DEBUG_INFO = NO;
				SDKROOT = iphoneos;
				SWIFT_OPTIMIZATION_LEVEL = "-Owholemodule";
				TARGETED_DEVICE_FAMILY = "1,2";
				VALIDATE_PRODUCT = YES;
			};
			name = Release;
		};
		29BB46EC1EBE70440009223F /* Debug */ = {
			isa = XCBuildConfiguration;
			buildSettings = {
				ASSETCATALOG_COMPILER_APPICON_NAME = AppIcon;
				INFOPLIST_FILE = iTahDoodle/Info.plist;
				LD_RUNPATH_SEARCH_PATHS = "$(inherited) @executable_path/Frameworks";
				PRODUCT_BUNDLE_IDENTIFIER = com.knail1.iTahDoodle;
				PRODUCT_NAME = "$(TARGET_NAME)";
				SWIFT_VERSION = 3.0;
			};
			name = Debug;
		};
		29BB46ED1EBE70440009223F /* Release */ = {
			isa = XCBuildConfiguration;
			buildSettings = {
				ASSETCATALOG_COMPILER_APPICON_NAME = AppIcon;
				INFOPLIST_FILE = iTahDoodle/Info.plist;
				LD_RUNPATH_SEARCH_PATHS = "$(inherited) @executable_path/Frameworks";
				PRODUCT_BUNDLE_IDENTIFIER = com.knail1.iTahDoodle;
				PRODUCT_NAME = "$(TARGET_NAME)";
				SWIFT_VERSION = 3.0;
			};
			name = Release;
		};
/* End XCBuildConfiguration section */

/* Begin XCConfigurationList section */
		29BB46D41EBE70440009223F /* Build configuration list for PBXProject "iTahDoodle" */ = {
			isa = XCConfigurationList;
			buildConfigurations = (
				29BB46E91EBE70440009223F /* Debug */,
				29BB46EA1EBE70440009223F /* Release */,
			);
			defaultConfigurationIsVisible = 0;
			defaultConfigurationName = Release;
		};
		29BB46EB1EBE70440009223F /* Build configuration list for PBXNativeTarget "iTahDoodle" */ = {
			isa = XCConfigurationList;
			buildConfigurations = (
				29BB46EC1EBE70440009223F /* Debug */,
				29BB46ED1EBE70440009223F /* Release */,
			);
			defaultConfigurationIsVisible = 0;
		};
/* End XCConfigurationList section */
	};
	rootObject = 29BB46D11EBE70440009223F /* Project object */;
}
